
Microsoft Visual Studio Solution File, Format Version 12.00
# Visual Studio Version 17
VisualStudioVersion = 17.9.34622.214
MinimumVisualStudioVersion = 10.0.40219.1
Project("{FAE04EC0-301F-11D3-BF4B-00C04F79EFBC}") = "25.03", "25.03.csproj", "{7E362A3F-DFB7-443B-B481-7AE0BE6CC77E}"
EndProject
Global
	GlobalSection(SolutionConfigurationPlatforms) = preSolution
		Debug|Any CPU = Debug|Any CPU
		Release|Any CPU = Release|Any CPU
	EndGlobalSection
	GlobalSection(ProjectConfigurationPlatforms) = postSolution
		{7E362A3F-DFB7-443B-B481-7AE0BE6CC77E}.Debug|Any CPU.ActiveCfg = Debug|Any CPU
		{7E362A3F-DFB7-443B-B481-7AE0BE6CC77E}.Debug|Any CPU.Build.0 = Debug|Any CPU
		{7E362A3F-DFB7-443B-B481-7AE0BE6CC77E}.Release|Any CPU.ActiveCfg = Release|Any CPU
		{7E362A3F-DFB7-443B-B481-7AE0BE6CC77E}.Release|Any CPU.Build.0 = Release|Any CPU
	EndGlobalSection
	GlobalSection(SolutionProperties) = preSolution
		HideSolutionNode = FALSE
	EndGlobalSection
	GlobalSection(ExtensibilityGlobals) = postSolution
		SolutionGuid = {C3F885D7-4A8D-4537-9843-81CC8D1725FF}
	EndGlobalSection
EndGlobal
